// !$*UTF8*$!
{
	archiveVersion = 1;
	classes = {
	};
	objectVersion = 55;
	objects = {

/* Begin PBXBuildFile section */
		836743EE2749EDB80044AB9B /* examen_iosApp.swift in Sources */ = {isa = PBXBuildFile; fileRef = 836743ED2749EDB80044AB9B /* examen_iosApp.swift */; };
		836743F02749EDB80044AB9B /* ContentView.swift in Sources */ = {isa = PBXBuildFile; fileRef = 836743EF2749EDB80044AB9B /* ContentView.swift */; };
		836743F22749EDB90044AB9B /* Assets.xcassets in Resources */ = {isa = PBXBuildFile; fileRef = 836743F12749EDB90044AB9B /* Assets.xcassets */; };
		836743F52749EDB90044AB9B /* Preview Assets.xcassets in Resources */ = {isa = PBXBuildFile; fileRef = 836743F42749EDB90044AB9B /* Preview Assets.xcassets */; };
		836743FF2749EDBA0044AB9B /* examen_iosTests.swift in Sources */ = {isa = PBXBuildFile; fileRef = 836743FE2749EDBA0044AB9B /* examen_iosTests.swift */; };
		836744092749EDBA0044AB9B /* examen_iosUITests.swift in Sources */ = {isa = PBXBuildFile; fileRef = 836744082749EDBA0044AB9B /* examen_iosUITests.swift */; };
		8367440B2749EDBA0044AB9B /* examen_iosUITestsLaunchTests.swift in Sources */ = {isa = PBXBuildFile; fileRef = 8367440A2749EDBA0044AB9B /* examen_iosUITestsLaunchTests.swift */; };
		8367441A2749EF180044AB9B /* graphic.swift in Sources */ = {isa = PBXBuildFile; fileRef = 836744192749EF180044AB9B /* graphic.swift */; };
		8367441D274AFBFC0044AB9B /* TextFieldRowView.swift in Sources */ = {isa = PBXBuildFile; fileRef = 8367441C274AFBFC0044AB9B /* TextFieldRowView.swift */; };
/* End PBXBuildFile section */

/* Begin PBXContainerItemProxy section */
		836743FB2749EDB90044AB9B /* PBXContainerItemProxy */ = {
			isa = PBXContainerItemProxy;
			containerPortal = 836743E22749EDB80044AB9B /* Project object */;
			proxyType = 1;
			remoteGlobalIDString = 836743E92749EDB80044AB9B;
			remoteInfo = "examen-ios";
		};
		836744052749EDBA0044AB9B /* PBXContainerItemProxy */ = {
			isa = PBXContainerItemProxy;
			containerPortal = 836743E22749EDB80044AB9B /* Project object */;
			proxyType = 1;
			remoteGlobalIDString = 836743E92749EDB80044AB9B;
			remoteInfo = "examen-ios";
		};
/* End PBXContainerItemProxy section */

/* Begin PBXFileReference section */
		836743EA2749EDB80044AB9B /* examen-ios.app */ = {isa = PBXFileReference; explicitFileType = wrapper.application; includeInIndex = 0; path = "examen-ios.app"; sourceTree = BUILT_PRODUCTS_DIR; };
		836743ED2749EDB80044AB9B /* examen_iosApp.swift */ = {isa = PBXFileReference; lastKnownFileType = sourcecode.swift; path = examen_iosApp.swift; sourceTree = "<group>"; };
		836743EF2749EDB80044AB9B /* ContentView.swift */ = {isa = PBXFileReference; lastKnownFileType = sourcecode.swift; path = ContentView.swift; sourceTree = "<group>"; };
		836743F12749EDB90044AB9B /* Assets.xcassets */ = {isa = PBXFileReference; lastKnownFileType = folder.assetcatalog; path = Assets.xcassets; sourceTree = "<group>"; };
		836743F42749EDB90044AB9B /* Preview Assets.xcassets */ = {isa = PBXFileReference; lastKnownFileType = folder.assetcatalog; path = "Preview Assets.xcassets"; sourceTree = "<group>"; };
		836743FA2749EDB90044AB9B /* examen-iosTests.xctest */ = {isa = PBXFileReference; explicitFileType = wrapper.cfbundle; includeInIndex = 0; path = "examen-iosTests.xctest"; sourceTree = BUILT_PRODUCTS_DIR; };
		836743FE2749EDBA0044AB9B /* examen_iosTests.swift */ = {isa = PBXFileReference; lastKnownFileType = sourcecode.swift; path = examen_iosTests.swift; sourceTree = "<group>"; };
		836744042749EDBA0044AB9B /* examen-iosUITests.xctest */ = {isa = PBXFileReference; explicitFileType = wrapper.cfbundle; includeInIndex = 0; path = "examen-iosUITests.xctest"; sourceTree = BUILT_PRODUCTS_DIR; };
		836744082749EDBA0044AB9B /* examen_iosUITests.swift */ = {isa = PBXFileReference; lastKnownFileType = sourcecode.swift; path = examen_iosUITests.swift; sourceTree = "<group>"; };
		8367440A2749EDBA0044AB9B /* examen_iosUITestsLaunchTests.swift */ = {isa = PBXFileReference; lastKnownFileType = sourcecode.swift; path = examen_iosUITestsLaunchTests.swift; sourceTree = "<group>"; };
		836744192749EF180044AB9B /* graphic.swift */ = {isa = PBXFileReference; lastKnownFileType = sourcecode.swift; path = graphic.swift; sourceTree = "<group>"; };
		8367441C274AFBFC0044AB9B /* TextFieldRowView.swift */ = {isa = PBXFileReference; lastKnownFileType = sourcecode.swift; path = TextFieldRowView.swift; sourceTree = "<group>"; };
/* End PBXFileReference section */

/* Begin PBXFrameworksBuildPhase section */
		836743E72749EDB80044AB9B /* Frameworks */ = {
			isa = PBXFrameworksBuildPhase;
			buildActionMask = 2147483647;
			files = (
			);
			runOnlyForDeploymentPostprocessing = 0;
		};
		836743F72749EDB90044AB9B /* Frameworks */ = {
			isa = PBXFrameworksBuildPhase;
			buildActionMask = 2147483647;
			files = (
			);
			runOnlyForDeploymentPostprocessing = 0;
		};
		836744012749EDBA0044AB9B /* Frameworks */ = {
			isa = PBXFrameworksBuildPhase;
			buildActionMask = 2147483647;
			files = (
			);
			runOnlyForDeploymentPostprocessing = 0;
		};
/* End PBXFrameworksBuildPhase section */

/* Begin PBXGroup section */
		836743E12749EDB80044AB9B = {
			isa = PBXGroup;
			children = (
				836743EC2749EDB80044AB9B /* examen-ios */,
				836743FD2749EDBA0044AB9B /* examen-iosTests */,
				836744072749EDBA0044AB9B /* examen-iosUITests */,
				836743EB2749EDB80044AB9B /* Products */,
			);
			sourceTree = "<group>";
		};
		836743EB2749EDB80044AB9B /* Products */ = {
			isa = PBXGroup;
			children = (
				836743EA2749EDB80044AB9B /* examen-ios.app */,
				836743FA2749EDB90044AB9B /* examen-iosTests.xctest */,
				836744042749EDBA0044AB9B /* examen-iosUITests.xctest */,
			);
			name = Products;
			sourceTree = "<group>";
		};
		836743EC2749EDB80044AB9B /* examen-ios */ = {
			isa = PBXGroup;
			children = (
				836744182749EEF80044AB9B /* Model */,
				836744172749EEDF0044AB9B /* View */,
				836743ED2749EDB80044AB9B /* examen_iosApp.swift */,
				836743F12749EDB90044AB9B /* Assets.xcassets */,
				836743F32749EDB90044AB9B /* Preview Content */,
			);
			path = "examen-ios";
			sourceTree = "<group>";
		};
		836743F32749EDB90044AB9B /* Preview Content */ = {
			isa = PBXGroup;
			children = (
				836743F42749EDB90044AB9B /* Preview Assets.xcassets */,
			);
			path = "Preview Content";
			sourceTree = "<group>";
		};
		836743FD2749EDBA0044AB9B /* examen-iosTests */ = {
			isa = PBXGroup;
			children = (
				836743FE2749EDBA0044AB9B /* examen_iosTests.swift */,
			);
			path = "examen-iosTests";
			sourceTree = "<group>";
		};
		836744072749EDBA0044AB9B /* examen-iosUITests */ = {
			isa = PBXGroup;
			children = (
				836744082749EDBA0044AB9B /* examen_iosUITests.swift */,
				8367440A2749EDBA0044AB9B /* examen_iosUITestsLaunchTests.swift */,
			);
			path = "examen-iosUITests";
			sourceTree = "<group>";
		};
		836744172749EEDF0044AB9B /* View */ = {
			isa = PBXGroup;
			children = (
				8367441B274AFB5F0044AB9B /* Components */,
				836743EF2749EDB80044AB9B /* ContentView.swift */,
			);
			path = View;
			sourceTree = "<group>";
		};
		836744182749EEF80044AB9B /* Model */ = {
			isa = PBXGroup;
			children = (
				836744192749EF180044AB9B /* graphic.swift */,
			);
			path = Model;
			sourceTree = "<group>";
		};
		8367441B274AFB5F0044AB9B /* Components */ = {
			isa = PBXGroup;
			children = (
				8367441C274AFBFC0044AB9B /* TextFieldRowView.swift */,
			);
			path = Components;
			sourceTree = "<group>";
		};
/* End PBXGroup section */

/* Begin PBXNativeTarget section */
		836743E92749EDB80044AB9B /* examen-ios */ = {
			isa = PBXNativeTarget;
			buildConfigurationList = 8367440E2749EDBA0044AB9B /* Build configuration list for PBXNativeTarget "examen-ios" */;
			buildPhases = (
				836743E62749EDB80044AB9B /* Sources */,
				836743E72749EDB80044AB9B /* Frameworks */,
				836743E82749EDB80044AB9B /* Resources */,
			);
			buildRules = (
			);
			dependencies = (
			);
			name = "examen-ios";
			productName = "examen-ios";
			productReference = 836743EA2749EDB80044AB9B /* examen-ios.app */;
			productType = "com.apple.product-type.application";
		};
		836743F92749EDB90044AB9B /* examen-iosTests */ = {
			isa = PBXNativeTarget;
			buildConfigurationList = 836744112749EDBA0044AB9B /* Build configuration list for PBXNativeTarget "examen-iosTests" */;
			buildPhases = (
				836743F62749EDB90044AB9B /* Sources */,
				836743F72749EDB90044AB9B /* Frameworks */,
				836743F82749EDB90044AB9B /* Resources */,
			);
			buildRules = (
			);
			dependencies = (
				836743FC2749EDB90044AB9B /* PBXTargetDependency */,
			);
			name = "examen-iosTests";
			productName = "examen-iosTests";
			productReference = 836743FA2749EDB90044AB9B /* examen-iosTests.xctest */;
			productType = "com.apple.product-type.bundle.unit-test";
		};
		836744032749EDBA0044AB9B /* examen-iosUITests */ = {
			isa = PBXNativeTarget;
			buildConfigurationList = 836744142749EDBA0044AB9B /* Build configuration list for PBXNativeTarget "examen-iosUITests" */;
			buildPhases = (
				836744002749EDBA0044AB9B /* Sources */,
				836744012749EDBA0044AB9B /* Frameworks */,
				836744022749EDBA0044AB9B /* Resources */,
			);
			buildRules = (
			);
			dependencies = (
				836744062749EDBA0044AB9B /* PBXTargetDependency */,
			);
			name = "examen-iosUITests";
			productName = "examen-iosUITests";
			productReference = 836744042749EDBA0044AB9B /* examen-iosUITests.xctest */;
			productType = "com.apple.product-type.bundle.ui-testing";
		};
/* End PBXNativeTarget section */

/* Begin PBXProject section */
		836743E22749EDB80044AB9B /* Project object */ = {
			isa = PBXProject;
			attributes = {
				BuildIndependentTargetsInParallel = 1;
				LastSwiftUpdateCheck = 1310;
				LastUpgradeCheck = 1310;
				TargetAttributes = {
					836743E92749EDB80044AB9B = {
						CreatedOnToolsVersion = 13.1;
					};
					836743F92749EDB90044AB9B = {
						CreatedOnToolsVersion = 13.1;
						TestTargetID = 836743E92749EDB80044AB9B;
					};
					836744032749EDBA0044AB9B = {
						CreatedOnToolsVersion = 13.1;
						TestTargetID = 836743E92749EDB80044AB9B;
					};
				};
			};
			buildConfigurationList = 836743E52749EDB80044AB9B /* Build configuration list for PBXProject "examen-ios" */;
			compatibilityVersion = "Xcode 13.0";
			developmentRegion = en;
			hasScannedForEncodings = 0;
			knownRegions = (
				en,
				Base,
			);
			mainGroup = 836743E12749EDB80044AB9B;
			productRefGroup = 836743EB2749EDB80044AB9B /* Products */;
			projectDirPath = "";
			projectRoot = "";
			targets = (
				836743E92749EDB80044AB9B /* examen-ios */,
				836743F92749EDB90044AB9B /* examen-iosTests */,
				836744032749EDBA0044AB9B /* examen-iosUITests */,
			);
		};
/* End PBXProject section */

/* Begin PBXResourcesBuildPhase section */
		836743E82749EDB80044AB9B /* Resources */ = {
			isa = PBXResourcesBuildPhase;
			buildActionMask = 2147483647;
			files = (
				836743F52749EDB90044AB9B /* Preview Assets.xcassets in Resources */,
				836743F22749EDB90044AB9B /* Assets.xcassets in Resources */,
			);
			runOnlyForDeploymentPostprocessing = 0;
		};
		836743F82749EDB90044AB9B /* Resources */ = {
			isa = PBXResourcesBuildPhase;
			buildActionMask = 2147483647;
			files = (
			);
			runOnlyForDeploymentPostprocessing = 0;
		};
		836744022749EDBA0044AB9B /* Resources */ = {
			isa = PBXResourcesBuildPhase;
			buildActionMask = 2147483647;
			files = (
			);
			runOnlyForDeploymentPostprocessing = 0;
		};
/* End PBXResourcesBuildPhase section */

/* Begin PBXSourcesBuildPhase section */
		836743E62749EDB80044AB9B /* Sources */ = {
			isa = PBXSourcesBuildPhase;
			buildActionMask = 2147483647;
			files = (
				836743F02749EDB80044AB9B /* ContentView.swift in Sources */,
				8367441D274AFBFC0044AB9B /* TextFieldRowView.swift in Sources */,
				8367441A2749EF180044AB9B /* graphic.swift in Sources */,
				836743EE2749EDB80044AB9B /* examen_iosApp.swift in Sources */,
			);
			runOnlyForDeploymentPostprocessing = 0;
		};
		836743F62749EDB90044AB9B /* Sources */ = {
			isa = PBXSourcesBuildPhase;
			buildActionMask = 2147483647;
			files = (
				836743FF2749EDBA0044AB9B /* examen_iosTests.swift in Sources */,
			);
			runOnlyForDeploymentPostprocessing = 0;
		};
		836744002749EDBA0044AB9B /* Sources */ = {
			isa = PBXSourcesBuildPhase;
			buildActionMask = 2147483647;
			files = (
				8367440B2749EDBA0044AB9B /* examen_iosUITestsLaunchTests.swift in Sources */,
				836744092749EDBA0044AB9B /* examen_iosUITests.swift in Sources */,
			);
			runOnlyForDeploymentPostprocessing = 0;
		};
/* End PBXSourcesBuildPhase section */

/* Begin PBXTargetDependency section */
		836743FC2749EDB90044AB9B /* PBXTargetDependency */ = {
			isa = PBXTargetDependency;
			target = 836743E92749EDB80044AB9B /* examen-ios */;
			targetProxy = 836743FB2749EDB90044AB9B /* PBXContainerItemProxy */;
		};
		836744062749EDBA0044AB9B /* PBXTargetDependency */ = {
			isa = PBXTargetDependency;
			target = 836743E92749EDB80044AB9B /* examen-ios */;
			targetProxy = 836744052749EDBA0044AB9B /* PBXContainerItemProxy */;
		};
/* End PBXTargetDependency section */

/* Begin XCBuildConfiguration section */
		8367440C2749EDBA0044AB9B /* Debug */ = {
			isa = XCBuildConfiguration;
			buildSettings = {
				ALWAYS_SEARCH_USER_PATHS = NO;
				CLANG_ANALYZER_NONNULL = YES;
				CLANG_ANALYZER_NUMBER_OBJECT_CONVERSION = YES_AGGRESSIVE;
				CLANG_CXX_LANGUAGE_STANDARD = "gnu++17";
				CLANG_CXX_LIBRARY = "libc++";
				CLANG_ENABLE_MODULES = YES;
				CLANG_ENABLE_OBJC_ARC = YES;
				CLANG_ENABLE_OBJC_WEAK = YES;
				CLANG_WARN_BLOCK_CAPTURE_AUTORELEASING = YES;
				CLANG_WARN_BOOL_CONVERSION = YES;
				CLANG_WARN_COMMA = YES;
				CLANG_WARN_CONSTANT_CONVERSION = YES;
				CLANG_WARN_DEPRECATED_OBJC_IMPLEMENTATIONS = YES;
				CLANG_WARN_DIRECT_OBJC_ISA_USAGE = YES_ERROR;
				CLANG_WARN_DOCUMENTATION_COMMENTS = YES;
				CLANG_WARN_EMPTY_BODY = YES;
				CLANG_WARN_ENUM_CONVERSION = YES;
				CLANG_WARN_INFINITE_RECURSION = YES;
				CLANG_WARN_INT_CONVERSION = YES;
				CLANG_WARN_NON_LITERAL_NULL_CONVERSION = YES;
				CLANG_WARN_OBJC_IMPLICIT_RETAIN_SELF = YES;
				CLANG_WARN_OBJC_LITERAL_CONVERSION = YES;
				CLANG_WARN_OBJC_ROOT_CLASS = YES_ERROR;
				CLANG_WARN_QUOTED_INCLUDE_IN_FRAMEWORK_HEADER = YES;
				CLANG_WARN_RANGE_LOOP_ANALYSIS = YES;
				CLANG_WARN_STRICT_PROTOTYPES = YES;
				CLANG_WARN_SUSPICIOUS_MOVE = YES;
				CLANG_WARN_UNGUARDED_AVAILABILITY = YES_AGGRESSIVE;
				CLANG_WARN_UNREACHABLE_CODE = YES;
				CLANG_WARN__DUPLICATE_METHOD_MATCH = YES;
				COPY_PHASE_STRIP = NO;
				DEBUG_INFORMATION_FORMAT = dwarf;
				ENABLE_STRICT_OBJC_MSGSEND = YES;
				ENABLE_TESTABILITY = YES;
				GCC_C_LANGUAGE_STANDARD = gnu11;
				GCC_DYNAMIC_NO_PIC = NO;
				GCC_NO_COMMON_BLOCKS = YES;
				GCC_OPTIMIZATION_LEVEL = 0;
				GCC_PREPROCESSOR_DEFINITIONS = (
					"DEBUG=1",
					"$(inherited)",
				);
				GCC_WARN_64_TO_32_BIT_CONVERSION = YES;
				GCC_WARN_ABOUT_RETURN_TYPE = YES_ERROR;
				GCC_WARN_UNDECLARED_SELECTOR = YES;
				GCC_WARN_UNINITIALIZED_AUTOS = YES_AGGRESSIVE;
				GCC_WARN_UNUSED_FUNCTION = YES;
				GCC_WARN_UNUSED_VARIABLE = YES;
				IPHONEOS_DEPLOYMENT_TARGET = 15.0;
				MTL_ENABLE_DEBUG_INFO = INCLUDE_SOURCE;
				MTL_FAST_MATH = YES;
				ONLY_ACTIVE_ARCH = YES;
				SDKROOT = iphoneos;
				SWIFT_ACTIVE_COMPILATION_CONDITIONS = DEBUG;
				SWIFT_OPTIMIZATION_LEVEL = "-Onone";
			};
			name = Debug;
		};
		8367440D2749EDBA0044AB9B /* Release */ = {
			isa = XCBuildConfiguration;
			buildSettings = {
				ALWAYS_SEARCH_USER_PATHS = NO;
				CLANG_ANALYZER_NONNULL = YES;
				CLANG_ANALYZER_NUMBER_OBJECT_CONVERSION = YES_AGGRESSIVE;
				CLANG_CXX_LANGUAGE_STANDARD = "gnu++17";
				CLANG_CXX_LIBRARY = "libc++";
				CLANG_ENABLE_MODULES = YES;
				CLANG_ENABLE_OBJC_ARC = YES;
				CLANG_ENABLE_OBJC_WEAK = YES;
				CLANG_WARN_BLOCK_CAPTURE_AUTORELEASING = YES;
				CLANG_WARN_BOOL_CONVERSION = YES;
				CLANG_WARN_COMMA = YES;
				CLANG_WARN_CONSTANT_CONVERSION = YES;
				CLANG_WARN_DEPRECATED_OBJC_IMPLEMENTATIONS = YES;
				CLANG_WARN_DIRECT_OBJC_ISA_USAGE = YES_ERROR;
				CLANG_WARN_DOCUMENTATION_COMMENTS = YES;
				CLANG_WARN_EMPTY_BODY = YES;
				CLANG_WARN_ENUM_CONVERSION = YES;
				CLANG_WARN_INFINITE_RECURSION = YES;
				CLANG_WARN_INT_CONVERSION = YES;
				CLANG_WARN_NON_LITERAL_NULL_CONVERSION = YES;
				CLANG_WARN_OBJC_IMPLICIT_RETAIN_SELF = YES;
				CLANG_WARN_OBJC_LITERAL_CONVERSION = YES;
				CLANG_WARN_OBJC_ROOT_CLASS = YES_ERROR;
				CLANG_WARN_QUOTED_INCLUDE_IN_FRAMEWORK_HEADER = YES;
				CLANG_WARN_RANGE_LOOP_ANALYSIS = YES;
				CLANG_WARN_STRICT_PROTOTYPES = YES;
				CLANG_WARN_SUSPICIOUS_MOVE = YES;
				CLANG_WARN_UNGUARDED_AVAILABILITY = YES_AGGRESSIVE;
				CLANG_WARN_UNREACHABLE_CODE = YES;
				CLANG_WARN__DUPLICATE_METHOD_MATCH = YES;
				COPY_PHASE_STRIP = NO;
				DEBUG_INFORMATION_FORMAT = "dwarf-with-dsym";
				ENABLE_NS_ASSERTIONS = NO;
				ENABLE_STRICT_OBJC_MSGSEND = YES;
				GCC_C_LANGUAGE_STANDARD = gnu11;
				GCC_NO_COMMON_BLOCKS = YES;
				GCC_WARN_64_TO_32_BIT_CONVERSION = YES;
				GCC_WARN_ABOUT_RETURN_TYPE = YES_ERROR;
				GCC_WARN_UNDECLARED_SELECTOR = YES;
				GCC_WARN_UNINITIALIZED_AUTOS = YES_AGGRESSIVE;
				GCC_WARN_UNUSED_FUNCTION = YES;
				GCC_WARN_UNUSED_VARIABLE = YES;
				IPHONEOS_DEPLOYMENT_TARGET = 15.0;
				MTL_ENABLE_DEBUG_INFO = NO;
				MTL_FAST_MATH = YES;
				SDKROOT = iphoneos;
				SWIFT_COMPILATION_MODE = wholemodule;
				SWIFT_OPTIMIZATION_LEVEL = "-O";
				VALIDATE_PRODUCT = YES;
			};
			name = Release;
		};
		8367440F2749EDBA0044AB9B /* Debug */ = {
			isa = XCBuildConfiguration;
			buildSettings = {
				ASSETCATALOG_COMPILER_APPICON_NAME = AppIcon;
				ASSETCATALOG_COMPILER_GLOBAL_ACCENT_COLOR_NAME = AccentColor;
				CODE_SIGN_STYLE = Automatic;
				CURRENT_PROJECT_VERSION = 1;
				DEVELOPMENT_ASSET_PATHS = "\"examen-ios/Preview Content\"";
				DEVELOPMENT_TEAM = SLMN9EM3Q9;
				ENABLE_PREVIEWS = YES;
				GENERATE_INFOPLIST_FILE = YES;
				INFOPLIST_KEY_UIApplicationSceneManifest_Generation = YES;
				INFOPLIST_KEY_UIApplicationSupportsIndirectInputEvents = YES;
				INFOPLIST_KEY_UILaunchScreen_Generation = YES;
				INFOPLIST_KEY_UISupportedInterfaceOrientations_iPad = "UIInterfaceOrientationPortrait UIInterfaceOrientationPortraitUpsideDown UIInterfaceOrientationLandscapeLeft UIInterfaceOrientationLandscapeRight";
				INFOPLIST_KEY_UISupportedInterfaceOrientations_iPhone = "UIInterfaceOrientationPortrait UIInterfaceOrientationLandscapeLeft UIInterfaceOrientationLandscapeRight";
				LD_RUNPATH_SEARCH_PATHS = (
					"$(inherited)",
					"@executable_path/Frameworks",
				);
				MARKETING_VERSION = 1.0;
				PRODUCT_BUNDLE_IDENTIFIER = "com.poncedev.examen-ios";
				PRODUCT_NAME = "$(TARGET_NAME)";
				SWIFT_EMIT_LOC_STRINGS = YES;
				SWIFT_VERSION = 5.0;
				TARGETED_DEVICE_FAMILY = "1,2";
			};
			name = Debug;
		};
		836744102749EDBA0044AB9B /* Release */ = {
			isa = XCBuildConfiguration;
			buildSettings = {
				ASSETCATALOG_COMPILER_APPICON_NAME = AppIcon;
				ASSETCATALOG_COMPILER_GLOBAL_ACCENT_COLOR_NAME = AccentColor;
				CODE_SIGN_STYLE = Automatic;
				CURRENT_PROJECT_VERSION = 1;
				DEVELOPMENT_ASSET_PATHS = "\"examen-ios/Preview Content\"";
				DEVELOPMENT_TEAM = SLMN9EM3Q9;
				ENABLE_PREVIEWS = YES;
				GENERATE_INFOPLIST_FILE = YES;
				INFOPLIST_KEY_UIApplicationSceneManifest_Generation = YES;
				INFOPLIST_KEY_UIApplicationSupportsIndirectInputEvents = YES;
				INFOPLIST_KEY_UILaunchScreen_Generation = YES;
				INFOPLIST_KEY_UISupportedInterfaceOrientations_iPad = "UIInterfaceOrientationPortrait UIInterfaceOrientationPortraitUpsideDown UIInterfaceOrientationLandscapeLeft UIInterfaceOrientationLandscapeRight";
				INFOPLIST_KEY_UISupportedInterfaceOrientations_iPhone = "UIInterfaceOrientationPortrait UIInterfaceOrientationLandscapeLeft UIInterfaceOrientationLandscapeRight";
				LD_RUNPATH_SEARCH_PATHS = (
					"$(inherited)",
					"@executable_path/Frameworks",
				);
				MARKETING_VERSION = 1.0;
				PRODUCT_BUNDLE_IDENTIFIER = "com.poncedev.examen-ios";
				PRODUCT_NAME = "$(TARGET_NAME)";
				SWIFT_EMIT_LOC_STRINGS = YES;
				SWIFT_VERSION = 5.0;
				TARGETED_DEVICE_FAMILY = "1,2";
			};
			name = Release;
		};
		836744122749EDBA0044AB9B /* Debug */ = {
			isa = XCBuildConfiguration;
			buildSettings = {
				ALWAYS_EMBED_SWIFT_STANDARD_LIBRARIES = YES;
				BUNDLE_LOADER = "$(TEST_HOST)";
				CODE_SIGN_STYLE = Automatic;
				CURRENT_PROJECT_VERSION = 1;
				DEVELOPMENT_TEAM = SLMN9EM3Q9;
				GENERATE_INFOPLIST_FILE = YES;
				IPHONEOS_DEPLOYMENT_TARGET = 15.0;
				LD_RUNPATH_SEARCH_PATHS = (
					"$(inherited)",
					"@executable_path/Frameworks",
					"@loader_path/Frameworks",
				);
				MARKETING_VERSION = 1.0;
				PRODUCT_BUNDLE_IDENTIFIER = "com.poncedev.examen-iosTests";
				PRODUCT_NAME = "$(TARGET_NAME)";
				SWIFT_EMIT_LOC_STRINGS = NO;
				SWIFT_VERSION = 5.0;
				TARGETED_DEVICE_FAMILY = "1,2";
				TEST_HOST = "$(BUILT_PRODUCTS_DIR)/examen-ios.app/examen-ios";
			};
			name = Debug;
		};
		836744132749EDBA0044AB9B /* Release */ = {
			isa = XCBuildConfiguration;
			buildSettings = {
				ALWAYS_EMBED_SWIFT_STANDARD_LIBRARIES = YES;
				BUNDLE_LOADER = "$(TEST_HOST)";
				CODE_SIGN_STYLE = Automatic;
				CURRENT_PROJECT_VERSION = 1;
				DEVELOPMENT_TEAM = SLMN9EM3Q9;
				GENERATE_INFOPLIST_FILE = YES;
				IPHONEOS_DEPLOYMENT_TARGET = 15.0;
				LD_RUNPATH_SEARCH_PATHS = (
					"$(inherited)",
					"@executable_path/Frameworks",
					"@loader_path/Frameworks",
				);
				MARKETING_VERSION = 1.0;
				PRODUCT_BUNDLE_IDENTIFIER = "com.poncedev.examen-iosTests";
				PRODUCT_NAME = "$(TARGET_NAME)";
				SWIFT_EMIT_LOC_STRINGS = NO;
				SWIFT_VERSION = 5.0;
				TARGETED_DEVICE_FAMILY = "1,2";
				TEST_HOST = "$(BUILT_PRODUCTS_DIR)/examen-ios.app/examen-ios";
			};
			name = Release;
		};
		836744152749EDBA0044AB9B /* Debug */ = {
			isa = XCBuildConfiguration;
			buildSettings = {
				ALWAYS_EMBED_SWIFT_STANDARD_LIBRARIES = YES;
				CODE_SIGN_STYLE = Automatic;
				CURRENT_PROJECT_VERSION = 1;
				DEVELOPMENT_TEAM = SLMN9EM3Q9;
				GENERATE_INFOPLIST_FILE = YES;
				LD_RUNPATH_SEARCH_PATHS = (
					"$(inherited)",
					"@executable_path/Frameworks",
					"@loader_path/Frameworks",
				);
				MARKETING_VERSION = 1.0;
				PRODUCT_BUNDLE_IDENTIFIER = "com.poncedev.examen-iosUITests";
				PRODUCT_NAME = "$(TARGET_NAME)";
				SWIFT_EMIT_LOC_STRINGS = NO;
				SWIFT_VERSION = 5.0;
				TARGETED_DEVICE_FAMILY = "1,2";
				TEST_TARGET_NAME = "examen-ios";
			};
			name = Debug;
		};
		836744162749EDBA0044AB9B /* Release */ = {
			isa = XCBuildConfiguration;
			buildSettings = {
				ALWAYS_EMBED_SWIFT_STANDARD_LIBRARIES = YES;
				CODE_SIGN_STYLE = Automatic;
				CURRENT_PROJECT_VERSION = 1;
				DEVELOPMENT_TEAM = SLMN9EM3Q9;
				GENERATE_INFOPLIST_FILE = YES;
				LD_RUNPATH_SEARCH_PATHS = (
					"$(inherited)",
					"@executable_path/Frameworks",
					"@loader_path/Frameworks",
				);
				MARKETING_VERSION = 1.0;
				PRODUCT_BUNDLE_IDENTIFIER = "com.poncedev.examen-iosUITests";
				PRODUCT_NAME = "$(TARGET_NAME)";
				SWIFT_EMIT_LOC_STRINGS = NO;
				SWIFT_VERSION = 5.0;
				TARGETED_DEVICE_FAMILY = "1,2";
				TEST_TARGET_NAME = "examen-ios";
			};
			name = Release;
		};
/* End XCBuildConfiguration section */

/* Begin XCConfigurationList section */
		836743E52749EDB80044AB9B /* Build configuration list for PBXProject "examen-ios" */ = {
			isa = XCConfigurationList;
			buildConfigurations = (
				8367440C2749EDBA0044AB9B /* Debug */,
				8367440D2749EDBA0044AB9B /* Release */,
			);
			defaultConfigurationIsVisible = 0;
			defaultConfigurationName = Release;
		};
		8367440E2749EDBA0044AB9B /* Build configuration list for PBXNativeTarget "examen-ios" */ = {
			isa = XCConfigurationList;
			buildConfigurations = (
				8367440F2749EDBA0044AB9B /* Debug */,
				836744102749EDBA0044AB9B /* Release */,
			);
			defaultConfigurationIsVisible = 0;
			defaultConfigurationName = Release;
		};
		836744112749EDBA0044AB9B /* Build configuration list for PBXNativeTarget "examen-iosTests" */ = {
			isa = XCConfigurationList;
			buildConfigurations = (
				836744122749EDBA0044AB9B /* Debug */,
				836744132749EDBA0044AB9B /* Release */,
			);
			defaultConfigurationIsVisible = 0;
			defaultConfigurationName = Release;
		};
		836744142749EDBA0044AB9B /* Build configuration list for PBXNativeTarget "examen-iosUITests" */ = {
			isa = XCConfigurationList;
			buildConfigurations = (
				836744152749EDBA0044AB9B /* Debug */,
				836744162749EDBA0044AB9B /* Release */,
			);
			defaultConfigurationIsVisible = 0;
			defaultConfigurationName = Release;
		};
/* End XCConfigurationList section */
	};
	rootObject = 836743E22749EDB80044AB9B /* Project object */;
}
